
Microsoft Visual Studio Solution File, Format Version 12.00
# Visual Studio Version 16
VisualStudioVersion = 16.0.32228.343
MinimumVisualStudioVersion = 10.0.40219.1
Project("{FAE04EC0-301F-11D3-BF4B-00C04F79EFBC}") = "CourseStudentRegistration", "CourseStudentRegistration\CourseStudentRegistration.csproj", "{14E9D11D-332F-4C37-8D97-4E7EDFEAF1EE}"
EndProject
Global
	GlobalSection(SolutionConfigurationPlatforms) = preSolution
		Debug|Any CPU = Debug|Any CPU
		Release|Any CPU = Release|Any CPU
	EndGlobalSection
	GlobalSection(ProjectConfigurationPlatforms) = postSolution
		{14E9D11D-332F-4C37-8D97-4E7EDFEAF1EE}.Debug|Any CPU.ActiveCfg = Debug|Any CPU
		{14E9D11D-332F-4C37-8D97-4E7EDFEAF1EE}.Debug|Any CPU.Build.0 = Debug|Any CPU
		{14E9D11D-332F-4C37-8D97-4E7EDFEAF1EE}.Release|Any CPU.ActiveCfg = Release|Any CPU
		{14E9D11D-332F-4C37-8D97-4E7EDFEAF1EE}.Release|Any CPU.Build.0 = Release|Any CPU
	EndGlobalSection
	GlobalSection(SolutionProperties) = preSolution
		HideSolutionNode = FALSE
	EndGlobalSection
	GlobalSection(ExtensibilityGlobals) = postSolution
		SolutionGuid = {5CD99269-DCE7-43AE-AC5D-27444E34A71A}
	EndGlobalSection
EndGlobal
